
Microsoft Visual Studio Solution File, Format Version 12.00
# Visual Studio Version 17
VisualStudioVersion = 17.5.33627.172
MinimumVisualStudioVersion = 10.0.40219.1
Project("{9A19103F-16F7-4668-BE54-9A1E7A4F7556}") = "Messenger.Server", "Messenger\Messenger.Server.csproj", "{57333A46-7E37-4181-AE4F-4437B56B7EBC}"
EndProject
Project("{9A19103F-16F7-4668-BE54-9A1E7A4F7556}") = "Messenger.Client.WPF", "Messenger.Client.WPF\Messenger.Client.WPF.csproj", "{9B912DC7-D85E-4568-B8DA-7A1204008378}"
EndProject
Project("{9A19103F-16F7-4668-BE54-9A1E7A4F7556}") = "Messenger.Data", "Messenger.Data\Messenger.Data.csproj", "{414C6A98-1BB8-463C-B852-0BF5B4E54B0B}"
EndProject
Project("{9A19103F-16F7-4668-BE54-9A1E7A4F7556}") = "Messenger.Domain", "Messenger.Domain\Messenger.Domain.csproj", "{82D30D3E-3705-4383-817C-91B9DF674E4A}"
EndProject
Project("{9A19103F-16F7-4668-BE54-9A1E7A4F7556}") = "Messenger.Services", "Messenger.Services\Messenger.Services.csproj", "{C43C3B45-753A-4E91-AB97-25F7E3057B81}"
EndProject
Project("{9A19103F-16F7-4668-BE54-9A1E7A4F7556}") = "Messenger.Authentication", "Messenger.Authentication\Messenger.Authentication.csproj", "{98B082C4-7801-48B2-8694-6ED67998D06C}"
EndProject
Project("{9A19103F-16F7-4668-BE54-9A1E7A4F7556}") = "Messenger.Dto", "Messenger.Dto\Messenger.Dto.csproj", "{646A60CF-BDD2-48F3-8050-B0EBFFB44B38}"
EndProject
Project("{9A19103F-16F7-4668-BE54-9A1E7A4F7556}") = "Messenger.Controllers", "Messenger.Controllers\Messenger.Controllers.csproj", "{31D86562-6017-4DF7-9986-6A4586281297}"
EndProject
Project("{FAE04EC0-301F-11D3-BF4B-00C04F79EFBC}") = "Messenger.SignalR", "Messenger.SignalR\Messenger.SignalR.csproj", "{0B4F8087-E11B-4D69-8CAA-FF0E379F2738}"
EndProject
Global
	GlobalSection(SolutionConfigurationPlatforms) = preSolution
		Debug|Any CPU = Debug|Any CPU
		Release|Any CPU = Release|Any CPU
	EndGlobalSection
	GlobalSection(ProjectConfigurationPlatforms) = postSolution
		{57333A46-7E37-4181-AE4F-4437B56B7EBC}.Debug|Any CPU.ActiveCfg = Debug|Any CPU
		{57333A46-7E37-4181-AE4F-4437B56B7EBC}.Debug|Any CPU.Build.0 = Debug|Any CPU
		{57333A46-7E37-4181-AE4F-4437B56B7EBC}.Release|Any CPU.ActiveCfg = Release|Any CPU
		{57333A46-7E37-4181-AE4F-4437B56B7EBC}.Release|Any CPU.Build.0 = Release|Any CPU
		{9B912DC7-D85E-4568-B8DA-7A1204008378}.Debug|Any CPU.ActiveCfg = Debug|Any CPU
		{9B912DC7-D85E-4568-B8DA-7A1204008378}.Debug|Any CPU.Build.0 = Debug|Any CPU
		{9B912DC7-D85E-4568-B8DA-7A1204008378}.Release|Any CPU.ActiveCfg = Release|Any CPU
		{9B912DC7-D85E-4568-B8DA-7A1204008378}.Release|Any CPU.Build.0 = Release|Any CPU
		{414C6A98-1BB8-463C-B852-0BF5B4E54B0B}.Debug|Any CPU.ActiveCfg = Debug|Any CPU
		{414C6A98-1BB8-463C-B852-0BF5B4E54B0B}.Debug|Any CPU.Build.0 = Debug|Any CPU
		{414C6A98-1BB8-463C-B852-0BF5B4E54B0B}.Release|Any CPU.ActiveCfg = Release|Any CPU
		{414C6A98-1BB8-463C-B852-0BF5B4E54B0B}.Release|Any CPU.Build.0 = Release|Any CPU
		{82D30D3E-3705-4383-817C-91B9DF674E4A}.Debug|Any CPU.ActiveCfg = Debug|Any CPU
		{82D30D3E-3705-4383-817C-91B9DF674E4A}.Debug|Any CPU.Build.0 = Debug|Any CPU
		{82D30D3E-3705-4383-817C-91B9DF674E4A}.Release|Any CPU.ActiveCfg = Release|Any CPU
		{82D30D3E-3705-4383-817C-91B9DF674E4A}.Release|Any CPU.Build.0 = Release|Any CPU
		{C43C3B45-753A-4E91-AB97-25F7E3057B81}.Debug|Any CPU.ActiveCfg = Debug|Any CPU
		{C43C3B45-753A-4E91-AB97-25F7E3057B81}.Debug|Any CPU.Build.0 = Debug|Any CPU
		{C43C3B45-753A-4E91-AB97-25F7E3057B81}.Release|Any CPU.ActiveCfg = Release|Any CPU
		{C43C3B45-753A-4E91-AB97-25F7E3057B81}.Release|Any CPU.Build.0 = Release|Any CPU
		{98B082C4-7801-48B2-8694-6ED67998D06C}.Debug|Any CPU.ActiveCfg = Debug|Any CPU
		{98B082C4-7801-48B2-8694-6ED67998D06C}.Debug|Any CPU.Build.0 = Debug|Any CPU
		{98B082C4-7801-48B2-8694-6ED67998D06C}.Release|Any CPU.ActiveCfg = Release|Any CPU
		{98B082C4-7801-48B2-8694-6ED67998D06C}.Release|Any CPU.Build.0 = Release|Any CPU
		{646A60CF-BDD2-48F3-8050-B0EBFFB44B38}.Debug|Any CPU.ActiveCfg = Debug|Any CPU
		{646A60CF-BDD2-48F3-8050-B0EBFFB44B38}.Debug|Any CPU.Build.0 = Debug|Any CPU
		{646A60CF-BDD2-48F3-8050-B0EBFFB44B38}.Release|Any CPU.ActiveCfg = Release|Any CPU
		{646A60CF-BDD2-48F3-8050-B0EBFFB44B38}.Release|Any CPU.Build.0 = Release|Any CPU
		{31D86562-6017-4DF7-9986-6A4586281297}.Debug|Any CPU.ActiveCfg = Debug|Any CPU
		{31D86562-6017-4DF7-9986-6A4586281297}.Debug|Any CPU.Build.0 = Debug|Any CPU
		{31D86562-6017-4DF7-9986-6A4586281297}.Release|Any CPU.ActiveCfg = Release|Any CPU
		{31D86562-6017-4DF7-9986-6A4586281297}.Release|Any CPU.Build.0 = Release|Any CPU
		{0B4F8087-E11B-4D69-8CAA-FF0E379F2738}.Debug|Any CPU.ActiveCfg = Debug|Any CPU
		{0B4F8087-E11B-4D69-8CAA-FF0E379F2738}.Debug|Any CPU.Build.0 = Debug|Any CPU
		{0B4F8087-E11B-4D69-8CAA-FF0E379F2738}.Release|Any CPU.ActiveCfg = Release|Any CPU
		{0B4F8087-E11B-4D69-8CAA-FF0E379F2738}.Release|Any CPU.Build.0 = Release|Any CPU
	EndGlobalSection
	GlobalSection(SolutionProperties) = preSolution
		HideSolutionNode = FALSE
	EndGlobalSection
	GlobalSection(ExtensibilityGlobals) = postSolution
		SolutionGuid = {BFD06EA7-12A9-4CB6-9C7A-38F2D8C95FD1}
	EndGlobalSection
EndGlobal
